{
    "version": 3,
    "terraform_version": "0.11.10",
    "serial": 3,
    "lineage": "ab1b87ef-0cbf-bd6b-a128-5a276639b140",
    "modules": [
        {
            "path": [
                "root"
            ],
            "outputs": {},
            "resources": {
                "aws_internet_gateway.gw": {
                    "type": "aws_internet_gateway",
                    "depends_on": [
                        "aws_vpc.default"
                    ],
                    "primary": {
                        "id": "igw-0c871eea602efbbd2",
                        "attributes": {
                            "id": "igw-0c871eea602efbbd2",
                            "tags.%": "1",
                            "tags.Name": "VPC IGW",
                            "vpc_id": "vpc-013edcfc3bde369ee"
                        },
                        "meta": {},
                        "tainted": false
                    },
                    "deposed": [],
                    "provider": "provider.aws"
                },
                "aws_route_table.route_table": {
                    "type": "aws_route_table",
                    "depends_on": [
                        "aws_internet_gateway.gw",
                        "aws_vpc.default"
                    ],
                    "primary": {
                        "id": "rtb-0082df0c71eb7365c",
                        "attributes": {
                            "id": "rtb-0082df0c71eb7365c",
                            "propagating_vgws.#": "0",
                            "route.#": "1",
                            "route.1223461615.cidr_block": "0.0.0.0/0",
                            "route.1223461615.egress_only_gateway_id": "",
                            "route.1223461615.gateway_id": "igw-0c871eea602efbbd2",
                            "route.1223461615.instance_id": "",
                            "route.1223461615.ipv6_cidr_block": "",
                            "route.1223461615.nat_gateway_id": "",
                            "route.1223461615.network_interface_id": "",
                            "route.1223461615.vpc_peering_connection_id": "",
                            "tags.%": "1",
                            "tags.Name": "Routing Table",
                            "vpc_id": "vpc-013edcfc3bde369ee"
                        },
                        "meta": {},
                        "tainted": false
                    },
                    "deposed": [],
                    "provider": "provider.aws"
                },
                "aws_route_table_association.private_rt.0": {
                    "type": "aws_route_table_association",
                    "depends_on": [
                        "aws_route_table.route_table",
                        "aws_subnet.private_subnet.*"
                    ],
                    "primary": {
                        "id": "rtbassoc-0f51ebd0abd062af8",
                        "attributes": {
                            "id": "rtbassoc-0f51ebd0abd062af8",
                            "route_table_id": "rtb-0082df0c71eb7365c",
                            "subnet_id": "subnet-0510d2eeaba32bb04"
                        },
                        "meta": {},
                        "tainted": false
                    },
                    "deposed": [],
                    "provider": "provider.aws"
                },
                "aws_route_table_association.private_rt.1": {
                    "type": "aws_route_table_association",
                    "depends_on": [
                        "aws_route_table.route_table",
                        "aws_subnet.private_subnet.*"
                    ],
                    "primary": {
                        "id": "rtbassoc-08b68b3d267dc1d2a",
                        "attributes": {
                            "id": "rtbassoc-08b68b3d267dc1d2a",
                            "route_table_id": "rtb-0082df0c71eb7365c",
                            "subnet_id": "subnet-02c262ff8a3b72702"
                        },
                        "meta": {},
                        "tainted": false
                    },
                    "deposed": [],
                    "provider": "provider.aws"
                },
                "aws_route_table_association.public_rt.0": {
                    "type": "aws_route_table_association",
                    "depends_on": [
                        "aws_route_table.route_table",
                        "aws_subnet.public_subnet.*"
                    ],
                    "primary": {
                        "id": "rtbassoc-0cbfb8637d4cce547",
                        "attributes": {
                            "id": "rtbassoc-0cbfb8637d4cce547",
                            "route_table_id": "rtb-0082df0c71eb7365c",
                            "subnet_id": "subnet-06b8cb91028ee51a0"
                        },
                        "meta": {},
                        "tainted": false
                    },
                    "deposed": [],
                    "provider": "provider.aws"
                },
                "aws_route_table_association.public_rt.1": {
                    "type": "aws_route_table_association",
                    "depends_on": [
                        "aws_route_table.route_table",
                        "aws_subnet.public_subnet.*"
                    ],
                    "primary": {
                        "id": "rtbassoc-08183ff2892f302a5",
                        "attributes": {
                            "id": "rtbassoc-08183ff2892f302a5",
                            "route_table_id": "rtb-0082df0c71eb7365c",
                            "subnet_id": "subnet-0f656ed58b364b422"
                        },
                        "meta": {},
                        "tainted": false
                    },
                    "deposed": [],
                    "provider": "provider.aws"
                },
                "aws_security_group.4007sg": {
                    "type": "aws_security_group",
                    "depends_on": [
                        "aws_vpc.default"
                    ],
                    "primary": {
                        "id": "sg-0cefc0e2499ee7905",
                        "attributes": {
                            "arn": "arn:aws:ec2:us-east-2:059206585043:security-group/sg-0cefc0e2499ee7905",
                            "description": "Allow incoming SSH access",
                            "egress.#": "1",
                            "egress.482069346.cidr_blocks.#": "1",
                            "egress.482069346.cidr_blocks.0": "0.0.0.0/0",
                            "egress.482069346.description": "",
                            "egress.482069346.from_port": "0",
                            "egress.482069346.ipv6_cidr_blocks.#": "0",
                            "egress.482069346.prefix_list_ids.#": "0",
                            "egress.482069346.protocol": "-1",
                            "egress.482069346.security_groups.#": "0",
                            "egress.482069346.self": "false",
                            "egress.482069346.to_port": "0",
                            "id": "sg-0cefc0e2499ee7905",
                            "ingress.#": "1",
                            "ingress.2541437006.cidr_blocks.#": "1",
                            "ingress.2541437006.cidr_blocks.0": "0.0.0.0/0",
                            "ingress.2541437006.description": "",
                            "ingress.2541437006.from_port": "22",
                            "ingress.2541437006.ipv6_cidr_blocks.#": "0",
                            "ingress.2541437006.prefix_list_ids.#": "0",
                            "ingress.2541437006.protocol": "tcp",
                            "ingress.2541437006.security_groups.#": "0",
                            "ingress.2541437006.self": "false",
                            "ingress.2541437006.to_port": "22",
                            "name": "Default 4007 Security Group",
                            "owner_id": "059206585043",
                            "revoke_rules_on_delete": "false",
                            "tags.%": "1",
                            "tags.Name": "Default Security Group",
                            "vpc_id": "vpc-013edcfc3bde369ee"
                        },
                        "meta": {
                            "e2bfb730-ecaa-11e6-8f88-34363bc7c4c0": {
                                "create": 600000000000,
                                "delete": 600000000000
                            },
                            "schema_version": "1"
                        },
                        "tainted": false
                    },
                    "deposed": [],
                    "provider": "provider.aws"
                },
                "aws_subnet.private_subnet.0": {
                    "type": "aws_subnet",
                    "depends_on": [
                        "aws_vpc.default"
                    ],
                    "primary": {
                        "id": "subnet-0510d2eeaba32bb04",
                        "attributes": {
                            "arn": "arn:aws:ec2:us-east-2:059206585043:subnet/subnet-0510d2eeaba32bb04",
                            "assign_ipv6_address_on_creation": "false",
                            "availability_zone": "us-east-2c",
                            "cidr_block": "172.16.3.0/24",
                            "id": "subnet-0510d2eeaba32bb04",
                            "map_public_ip_on_launch": "false",
                            "tags.%": "1",
                            "tags.Name": "Private Subnet",
                            "vpc_id": "vpc-013edcfc3bde369ee"
                        },
                        "meta": {
                            "e2bfb730-ecaa-11e6-8f88-34363bc7c4c0": {
                                "create": 600000000000,
                                "delete": 600000000000
                            },
                            "schema_version": "1"
                        },
                        "tainted": false
                    },
                    "deposed": [],
                    "provider": "provider.aws"
                },
                "aws_subnet.private_subnet.1": {
                    "type": "aws_subnet",
                    "depends_on": [
                        "aws_vpc.default"
                    ],
                    "primary": {
                        "id": "subnet-02c262ff8a3b72702",
                        "attributes": {
                            "arn": "arn:aws:ec2:us-east-2:059206585043:subnet/subnet-02c262ff8a3b72702",
                            "assign_ipv6_address_on_creation": "false",
                            "availability_zone": "us-east-2c",
                            "cidr_block": "172.16.4.0/24",
                            "id": "subnet-02c262ff8a3b72702",
                            "map_public_ip_on_launch": "false",
                            "tags.%": "1",
                            "tags.Name": "Private Subnet",
                            "vpc_id": "vpc-013edcfc3bde369ee"
                        },
                        "meta": {
                            "e2bfb730-ecaa-11e6-8f88-34363bc7c4c0": {
                                "create": 600000000000,
                                "delete": 600000000000
                            },
                            "schema_version": "1"
                        },
                        "tainted": false
                    },
                    "deposed": [],
                    "provider": "provider.aws"
                },
                "aws_subnet.public_subnet.0": {
                    "type": "aws_subnet",
                    "depends_on": [
                        "aws_vpc.default"
                    ],
                    "primary": {
                        "id": "subnet-06b8cb91028ee51a0",
                        "attributes": {
                            "arn": "arn:aws:ec2:us-east-2:059206585043:subnet/subnet-06b8cb91028ee51a0",
                            "assign_ipv6_address_on_creation": "false",
                            "availability_zone": "us-east-2c",
                            "cidr_block": "172.16.1.0/24",
                            "id": "subnet-06b8cb91028ee51a0",
                            "map_public_ip_on_launch": "false",
                            "tags.%": "1",
                            "tags.Name": "Public Subnet",
                            "vpc_id": "vpc-013edcfc3bde369ee"
                        },
                        "meta": {
                            "e2bfb730-ecaa-11e6-8f88-34363bc7c4c0": {
                                "create": 600000000000,
                                "delete": 600000000000
                            },
                            "schema_version": "1"
                        },
                        "tainted": false
                    },
                    "deposed": [],
                    "provider": "provider.aws"
                },
                "aws_subnet.public_subnet.1": {
                    "type": "aws_subnet",
                    "depends_on": [
                        "aws_vpc.default"
                    ],
                    "primary": {
                        "id": "subnet-0f656ed58b364b422",
                        "attributes": {
                            "arn": "arn:aws:ec2:us-east-2:059206585043:subnet/subnet-0f656ed58b364b422",
                            "assign_ipv6_address_on_creation": "false",
                            "availability_zone": "us-east-2c",
                            "cidr_block": "172.16.2.0/24",
                            "id": "subnet-0f656ed58b364b422",
                            "map_public_ip_on_launch": "false",
                            "tags.%": "1",
                            "tags.Name": "Public Subnet",
                            "vpc_id": "vpc-013edcfc3bde369ee"
                        },
                        "meta": {
                            "e2bfb730-ecaa-11e6-8f88-34363bc7c4c0": {
                                "create": 600000000000,
                                "delete": 600000000000
                            },
                            "schema_version": "1"
                        },
                        "tainted": false
                    },
                    "deposed": [],
                    "provider": "provider.aws"
                },
                "aws_vpc.default": {
                    "type": "aws_vpc",
                    "depends_on": [],
                    "primary": {
                        "id": "vpc-013edcfc3bde369ee",
                        "attributes": {
                            "arn": "arn:aws:ec2:us-east-2:059206585043:vpc/vpc-013edcfc3bde369ee",
                            "assign_generated_ipv6_cidr_block": "false",
                            "cidr_block": "172.16.0.0/16",
                            "default_network_acl_id": "acl-0a72eaa46925b6da5",
                            "default_route_table_id": "rtb-0fe18cfa85436b2c3",
                            "default_security_group_id": "sg-000a5451238ab04ba",
                            "dhcp_options_id": "dopt-37ecfa5f",
                            "enable_dns_hostnames": "true",
                            "enable_dns_support": "true",
                            "id": "vpc-013edcfc3bde369ee",
                            "instance_tenancy": "default",
                            "ipv6_association_id": "",
                            "ipv6_cidr_block": "",
                            "main_route_table_id": "rtb-0fe18cfa85436b2c3",
                            "tags.%": "1",
                            "tags.Name": "inet4007vpc"
                        },
                        "meta": {
                            "schema_version": "1"
                        },
                        "tainted": false
                    },
                    "deposed": [],
                    "provider": "provider.aws"
                }
            },
            "depends_on": []
        }
    ]
}
