{
    "version": 3,
    "terraform_version": "0.11.10",
    "serial": 3,
    "lineage": "a3f359e3-832b-29f4-d376-3b4a916bea78",
    "modules": [
        {
            "path": [
                "root"
            ],
            "outputs": {
                "nfs_client_0": {
                    "sensitive": false,
                    "type": "list",
                    "value": [
                        "18.191.15.198",
                        "172.31.100.16"
                    ]
                },
                "nfs_client_1": {
                    "sensitive": false,
                    "type": "list",
                    "value": [
                        "3.16.31.207",
                        "172.31.100.126"
                    ]
                },
                "nfs_client_2": {
                    "sensitive": false,
                    "type": "list",
                    "value": [
                        "3.16.44.189",
                        "172.31.100.123"
                    ]
                },
                "nfs_client_3": {
                    "sensitive": false,
                    "type": "list",
                    "value": [
                        "18.217.190.137",
                        "172.31.100.101"
                    ]
                },
                "nfs_client_4": {
                    "sensitive": false,
                    "type": "list",
                    "value": [
                        "18.222.240.18",
                        "172.31.100.9"
                    ]
                },
                "nfs_server": {
                    "sensitive": false,
                    "type": "list",
                    "value": [
                        "13.58.2.146",
                        "172.31.100.108"
                    ]
                }
            },
            "resources": {
                "aws_instance.nfs_client.0": {
                    "type": "aws_instance",
                    "depends_on": [
                        "aws_security_group.4031sg",
                        "aws_subnet.4031subnet"
                    ],
                    "primary": {
                        "id": "i-0719406b0da9ea6d9",
                        "attributes": {
                            "ami": "ami-0782e9ee97725263d",
                            "arn": "arn:aws:ec2:us-east-2:059206585043:instance/i-0719406b0da9ea6d9",
                            "associate_public_ip_address": "true",
                            "availability_zone": "us-east-2c",
                            "cpu_core_count": "1",
                            "cpu_threads_per_core": "1",
                            "credit_specification.#": "1",
                            "credit_specification.0.cpu_credits": "standard",
                            "disable_api_termination": "false",
                            "ebs_block_device.#": "0",
                            "ebs_optimized": "false",
                            "ephemeral_block_device.#": "0",
                            "get_password_data": "false",
                            "iam_instance_profile": "",
                            "id": "i-0719406b0da9ea6d9",
                            "instance_state": "running",
                            "instance_type": "t2.micro",
                            "ipv6_addresses.#": "0",
                            "key_name": "inet4031",
                            "monitoring": "false",
                            "network_interface.#": "0",
                            "network_interface_id": "eni-0665b35e1d92f62f7",
                            "password_data": "",
                            "placement_group": "",
                            "primary_network_interface_id": "eni-0665b35e1d92f62f7",
                            "private_dns": "ip-172-31-100-16.us-east-2.compute.internal",
                            "private_ip": "172.31.100.16",
                            "public_dns": "ec2-18-191-15-198.us-east-2.compute.amazonaws.com",
                            "public_ip": "18.191.15.198",
                            "root_block_device.#": "1",
                            "root_block_device.0.delete_on_termination": "true",
                            "root_block_device.0.iops": "100",
                            "root_block_device.0.volume_id": "vol-0458c81fa562237bf",
                            "root_block_device.0.volume_size": "8",
                            "root_block_device.0.volume_type": "gp2",
                            "security_groups.#": "0",
                            "source_dest_check": "false",
                            "subnet_id": "subnet-0861007efed614e98",
                            "tags.%": "1",
                            "tags.Name": "nfs_client_0",
                            "tenancy": "default",
                            "volume_tags.%": "0",
                            "vpc_security_group_ids.#": "1",
                            "vpc_security_group_ids.1969894249": "sg-08b5462fedcb5c268"
                        },
                        "meta": {
                            "e2bfb730-ecaa-11e6-8f88-34363bc7c4c0": {
                                "create": 600000000000,
                                "delete": 1200000000000,
                                "update": 600000000000
                            },
                            "schema_version": "1"
                        },
                        "tainted": false
                    },
                    "deposed": [],
                    "provider": "provider.aws"
                },
                "aws_instance.nfs_client.1": {
                    "type": "aws_instance",
                    "depends_on": [
                        "aws_security_group.4031sg",
                        "aws_subnet.4031subnet"
                    ],
                    "primary": {
                        "id": "i-00b3466948e4e40c4",
                        "attributes": {
                            "ami": "ami-0782e9ee97725263d",
                            "arn": "arn:aws:ec2:us-east-2:059206585043:instance/i-00b3466948e4e40c4",
                            "associate_public_ip_address": "true",
                            "availability_zone": "us-east-2c",
                            "cpu_core_count": "1",
                            "cpu_threads_per_core": "1",
                            "credit_specification.#": "1",
                            "credit_specification.0.cpu_credits": "standard",
                            "disable_api_termination": "false",
                            "ebs_block_device.#": "0",
                            "ebs_optimized": "false",
                            "ephemeral_block_device.#": "0",
                            "get_password_data": "false",
                            "iam_instance_profile": "",
                            "id": "i-00b3466948e4e40c4",
                            "instance_state": "running",
                            "instance_type": "t2.micro",
                            "ipv6_addresses.#": "0",
                            "key_name": "inet4031",
                            "monitoring": "false",
                            "network_interface.#": "0",
                            "network_interface_id": "eni-0abbf2b19b2f7bcae",
                            "password_data": "",
                            "placement_group": "",
                            "primary_network_interface_id": "eni-0abbf2b19b2f7bcae",
                            "private_dns": "ip-172-31-100-126.us-east-2.compute.internal",
                            "private_ip": "172.31.100.126",
                            "public_dns": "ec2-3-16-31-207.us-east-2.compute.amazonaws.com",
                            "public_ip": "3.16.31.207",
                            "root_block_device.#": "1",
                            "root_block_device.0.delete_on_termination": "true",
                            "root_block_device.0.iops": "100",
                            "root_block_device.0.volume_id": "vol-03508812feb6e4209",
                            "root_block_device.0.volume_size": "8",
                            "root_block_device.0.volume_type": "gp2",
                            "security_groups.#": "0",
                            "source_dest_check": "false",
                            "subnet_id": "subnet-0861007efed614e98",
                            "tags.%": "1",
                            "tags.Name": "nfs_client_1",
                            "tenancy": "default",
                            "volume_tags.%": "0",
                            "vpc_security_group_ids.#": "1",
                            "vpc_security_group_ids.1969894249": "sg-08b5462fedcb5c268"
                        },
                        "meta": {
                            "e2bfb730-ecaa-11e6-8f88-34363bc7c4c0": {
                                "create": 600000000000,
                                "delete": 1200000000000,
                                "update": 600000000000
                            },
                            "schema_version": "1"
                        },
                        "tainted": false
                    },
                    "deposed": [],
                    "provider": "provider.aws"
                },
                "aws_instance.nfs_client.2": {
                    "type": "aws_instance",
                    "depends_on": [
                        "aws_security_group.4031sg",
                        "aws_subnet.4031subnet"
                    ],
                    "primary": {
                        "id": "i-0c25c466575e614d4",
                        "attributes": {
                            "ami": "ami-0782e9ee97725263d",
                            "arn": "arn:aws:ec2:us-east-2:059206585043:instance/i-0c25c466575e614d4",
                            "associate_public_ip_address": "true",
                            "availability_zone": "us-east-2c",
                            "cpu_core_count": "1",
                            "cpu_threads_per_core": "1",
                            "credit_specification.#": "1",
                            "credit_specification.0.cpu_credits": "standard",
                            "disable_api_termination": "false",
                            "ebs_block_device.#": "0",
                            "ebs_optimized": "false",
                            "ephemeral_block_device.#": "0",
                            "get_password_data": "false",
                            "iam_instance_profile": "",
                            "id": "i-0c25c466575e614d4",
                            "instance_state": "running",
                            "instance_type": "t2.micro",
                            "ipv6_addresses.#": "0",
                            "key_name": "inet4031",
                            "monitoring": "false",
                            "network_interface.#": "0",
                            "network_interface_id": "eni-0c3137cfb0ac5b0ab",
                            "password_data": "",
                            "placement_group": "",
                            "primary_network_interface_id": "eni-0c3137cfb0ac5b0ab",
                            "private_dns": "ip-172-31-100-123.us-east-2.compute.internal",
                            "private_ip": "172.31.100.123",
                            "public_dns": "ec2-3-16-44-189.us-east-2.compute.amazonaws.com",
                            "public_ip": "3.16.44.189",
                            "root_block_device.#": "1",
                            "root_block_device.0.delete_on_termination": "true",
                            "root_block_device.0.iops": "100",
                            "root_block_device.0.volume_id": "vol-0d8fd8dd0d3658a3b",
                            "root_block_device.0.volume_size": "8",
                            "root_block_device.0.volume_type": "gp2",
                            "security_groups.#": "0",
                            "source_dest_check": "false",
                            "subnet_id": "subnet-0861007efed614e98",
                            "tags.%": "1",
                            "tags.Name": "nfs_client_2",
                            "tenancy": "default",
                            "volume_tags.%": "0",
                            "vpc_security_group_ids.#": "1",
                            "vpc_security_group_ids.1969894249": "sg-08b5462fedcb5c268"
                        },
                        "meta": {
                            "e2bfb730-ecaa-11e6-8f88-34363bc7c4c0": {
                                "create": 600000000000,
                                "delete": 1200000000000,
                                "update": 600000000000
                            },
                            "schema_version": "1"
                        },
                        "tainted": false
                    },
                    "deposed": [],
                    "provider": "provider.aws"
                },
                "aws_instance.nfs_client.3": {
                    "type": "aws_instance",
                    "depends_on": [
                        "aws_security_group.4031sg",
                        "aws_subnet.4031subnet"
                    ],
                    "primary": {
                        "id": "i-0eb6dd6c0678a30aa",
                        "attributes": {
                            "ami": "ami-0782e9ee97725263d",
                            "arn": "arn:aws:ec2:us-east-2:059206585043:instance/i-0eb6dd6c0678a30aa",
                            "associate_public_ip_address": "true",
                            "availability_zone": "us-east-2c",
                            "cpu_core_count": "1",
                            "cpu_threads_per_core": "1",
                            "credit_specification.#": "1",
                            "credit_specification.0.cpu_credits": "standard",
                            "disable_api_termination": "false",
                            "ebs_block_device.#": "0",
                            "ebs_optimized": "false",
                            "ephemeral_block_device.#": "0",
                            "get_password_data": "false",
                            "iam_instance_profile": "",
                            "id": "i-0eb6dd6c0678a30aa",
                            "instance_state": "running",
                            "instance_type": "t2.micro",
                            "ipv6_addresses.#": "0",
                            "key_name": "inet4031",
                            "monitoring": "false",
                            "network_interface.#": "0",
                            "network_interface_id": "eni-05642cb2d4427b4db",
                            "password_data": "",
                            "placement_group": "",
                            "primary_network_interface_id": "eni-05642cb2d4427b4db",
                            "private_dns": "ip-172-31-100-101.us-east-2.compute.internal",
                            "private_ip": "172.31.100.101",
                            "public_dns": "ec2-18-217-190-137.us-east-2.compute.amazonaws.com",
                            "public_ip": "18.217.190.137",
                            "root_block_device.#": "1",
                            "root_block_device.0.delete_on_termination": "true",
                            "root_block_device.0.iops": "100",
                            "root_block_device.0.volume_id": "vol-04347b65a535f3eae",
                            "root_block_device.0.volume_size": "8",
                            "root_block_device.0.volume_type": "gp2",
                            "security_groups.#": "0",
                            "source_dest_check": "false",
                            "subnet_id": "subnet-0861007efed614e98",
                            "tags.%": "1",
                            "tags.Name": "nfs_client_3",
                            "tenancy": "default",
                            "volume_tags.%": "0",
                            "vpc_security_group_ids.#": "1",
                            "vpc_security_group_ids.1969894249": "sg-08b5462fedcb5c268"
                        },
                        "meta": {
                            "e2bfb730-ecaa-11e6-8f88-34363bc7c4c0": {
                                "create": 600000000000,
                                "delete": 1200000000000,
                                "update": 600000000000
                            },
                            "schema_version": "1"
                        },
                        "tainted": false
                    },
                    "deposed": [],
                    "provider": "provider.aws"
                },
                "aws_instance.nfs_client.4": {
                    "type": "aws_instance",
                    "depends_on": [
                        "aws_security_group.4031sg",
                        "aws_subnet.4031subnet"
                    ],
                    "primary": {
                        "id": "i-00135fc2d3fb23de3",
                        "attributes": {
                            "ami": "ami-0782e9ee97725263d",
                            "arn": "arn:aws:ec2:us-east-2:059206585043:instance/i-00135fc2d3fb23de3",
                            "associate_public_ip_address": "true",
                            "availability_zone": "us-east-2c",
                            "cpu_core_count": "1",
                            "cpu_threads_per_core": "1",
                            "credit_specification.#": "1",
                            "credit_specification.0.cpu_credits": "standard",
                            "disable_api_termination": "false",
                            "ebs_block_device.#": "0",
                            "ebs_optimized": "false",
                            "ephemeral_block_device.#": "0",
                            "get_password_data": "false",
                            "iam_instance_profile": "",
                            "id": "i-00135fc2d3fb23de3",
                            "instance_state": "running",
                            "instance_type": "t2.micro",
                            "ipv6_addresses.#": "0",
                            "key_name": "inet4031",
                            "monitoring": "false",
                            "network_interface.#": "0",
                            "network_interface_id": "eni-0f1f7f2fb4fb59f4c",
                            "password_data": "",
                            "placement_group": "",
                            "primary_network_interface_id": "eni-0f1f7f2fb4fb59f4c",
                            "private_dns": "ip-172-31-100-9.us-east-2.compute.internal",
                            "private_ip": "172.31.100.9",
                            "public_dns": "ec2-18-222-240-18.us-east-2.compute.amazonaws.com",
                            "public_ip": "18.222.240.18",
                            "root_block_device.#": "1",
                            "root_block_device.0.delete_on_termination": "true",
                            "root_block_device.0.iops": "100",
                            "root_block_device.0.volume_id": "vol-01cb2735f34cd27d5",
                            "root_block_device.0.volume_size": "8",
                            "root_block_device.0.volume_type": "gp2",
                            "security_groups.#": "0",
                            "source_dest_check": "false",
                            "subnet_id": "subnet-0861007efed614e98",
                            "tags.%": "1",
                            "tags.Name": "nfs_client_4",
                            "tenancy": "default",
                            "volume_tags.%": "0",
                            "vpc_security_group_ids.#": "1",
                            "vpc_security_group_ids.1969894249": "sg-08b5462fedcb5c268"
                        },
                        "meta": {
                            "e2bfb730-ecaa-11e6-8f88-34363bc7c4c0": {
                                "create": 600000000000,
                                "delete": 1200000000000,
                                "update": 600000000000
                            },
                            "schema_version": "1"
                        },
                        "tainted": false
                    },
                    "deposed": [],
                    "provider": "provider.aws"
                },
                "aws_instance.nfs_server": {
                    "type": "aws_instance",
                    "depends_on": [
                        "aws_security_group.4031sg",
                        "aws_subnet.4031subnet"
                    ],
                    "primary": {
                        "id": "i-09b821c0decbe24bf",
                        "attributes": {
                            "ami": "ami-0782e9ee97725263d",
                            "arn": "arn:aws:ec2:us-east-2:059206585043:instance/i-09b821c0decbe24bf",
                            "associate_public_ip_address": "true",
                            "availability_zone": "us-east-2c",
                            "cpu_core_count": "1",
                            "cpu_threads_per_core": "1",
                            "credit_specification.#": "1",
                            "credit_specification.0.cpu_credits": "standard",
                            "disable_api_termination": "false",
                            "ebs_block_device.#": "0",
                            "ebs_optimized": "false",
                            "ephemeral_block_device.#": "0",
                            "get_password_data": "false",
                            "iam_instance_profile": "",
                            "id": "i-09b821c0decbe24bf",
                            "instance_state": "running",
                            "instance_type": "t2.micro",
                            "ipv6_addresses.#": "0",
                            "key_name": "inet4031",
                            "monitoring": "false",
                            "network_interface.#": "0",
                            "network_interface_id": "eni-0473ed2141fc98bb7",
                            "password_data": "",
                            "placement_group": "",
                            "primary_network_interface_id": "eni-0473ed2141fc98bb7",
                            "private_dns": "ip-172-31-100-108.us-east-2.compute.internal",
                            "private_ip": "172.31.100.108",
                            "public_dns": "ec2-13-58-2-146.us-east-2.compute.amazonaws.com",
                            "public_ip": "13.58.2.146",
                            "root_block_device.#": "1",
                            "root_block_device.0.delete_on_termination": "true",
                            "root_block_device.0.iops": "100",
                            "root_block_device.0.volume_id": "vol-0f87681acf121ee1c",
                            "root_block_device.0.volume_size": "8",
                            "root_block_device.0.volume_type": "gp2",
                            "security_groups.#": "0",
                            "source_dest_check": "false",
                            "subnet_id": "subnet-0861007efed614e98",
                            "tags.%": "1",
                            "tags.Name": "nfs_server",
                            "tenancy": "default",
                            "volume_tags.%": "0",
                            "vpc_security_group_ids.#": "1",
                            "vpc_security_group_ids.1969894249": "sg-08b5462fedcb5c268"
                        },
                        "meta": {
                            "e2bfb730-ecaa-11e6-8f88-34363bc7c4c0": {
                                "create": 600000000000,
                                "delete": 1200000000000,
                                "update": 600000000000
                            },
                            "schema_version": "1"
                        },
                        "tainted": false
                    },
                    "deposed": [],
                    "provider": "provider.aws"
                },
                "aws_internet_gateway.gw": {
                    "type": "aws_internet_gateway",
                    "depends_on": [
                        "aws_vpc.inet4031vpc"
                    ],
                    "primary": {
                        "id": "igw-00bf2cb37908a28f1",
                        "attributes": {
                            "id": "igw-00bf2cb37908a28f1",
                            "tags.%": "1",
                            "tags.Name": "VPC IGW",
                            "vpc_id": "vpc-04c25bd47c84a29ea"
                        },
                        "meta": {},
                        "tainted": false
                    },
                    "deposed": [],
                    "provider": "provider.aws"
                },
                "aws_route_table.route_table": {
                    "type": "aws_route_table",
                    "depends_on": [
                        "aws_internet_gateway.gw",
                        "aws_vpc.inet4031vpc"
                    ],
                    "primary": {
                        "id": "rtb-0311a378944d2f937",
                        "attributes": {
                            "id": "rtb-0311a378944d2f937",
                            "propagating_vgws.#": "0",
                            "route.#": "1",
                            "route.3485273576.cidr_block": "0.0.0.0/0",
                            "route.3485273576.egress_only_gateway_id": "",
                            "route.3485273576.gateway_id": "igw-00bf2cb37908a28f1",
                            "route.3485273576.instance_id": "",
                            "route.3485273576.ipv6_cidr_block": "",
                            "route.3485273576.nat_gateway_id": "",
                            "route.3485273576.network_interface_id": "",
                            "route.3485273576.vpc_peering_connection_id": "",
                            "tags.%": "1",
                            "tags.Name": "Routing Table",
                            "vpc_id": "vpc-04c25bd47c84a29ea"
                        },
                        "meta": {},
                        "tainted": false
                    },
                    "deposed": [],
                    "provider": "provider.aws"
                },
                "aws_route_table_association.4031_rt": {
                    "type": "aws_route_table_association",
                    "depends_on": [
                        "aws_route_table.route_table",
                        "aws_subnet.4031subnet"
                    ],
                    "primary": {
                        "id": "rtbassoc-02003e2b999ec6e87",
                        "attributes": {
                            "id": "rtbassoc-02003e2b999ec6e87",
                            "route_table_id": "rtb-0311a378944d2f937",
                            "subnet_id": "subnet-0861007efed614e98"
                        },
                        "meta": {},
                        "tainted": false
                    },
                    "deposed": [],
                    "provider": "provider.aws"
                },
                "aws_security_group.4031sg": {
                    "type": "aws_security_group",
                    "depends_on": [
                        "aws_vpc.inet4031vpc"
                    ],
                    "primary": {
                        "id": "sg-08b5462fedcb5c268",
                        "attributes": {
                            "arn": "arn:aws:ec2:us-east-2:059206585043:security-group/sg-08b5462fedcb5c268",
                            "description": "Allow incoming SSH access",
                            "egress.#": "1",
                            "egress.482069346.cidr_blocks.#": "1",
                            "egress.482069346.cidr_blocks.0": "0.0.0.0/0",
                            "egress.482069346.description": "",
                            "egress.482069346.from_port": "0",
                            "egress.482069346.ipv6_cidr_blocks.#": "0",
                            "egress.482069346.prefix_list_ids.#": "0",
                            "egress.482069346.protocol": "-1",
                            "egress.482069346.security_groups.#": "0",
                            "egress.482069346.self": "false",
                            "egress.482069346.to_port": "0",
                            "id": "sg-08b5462fedcb5c268",
                            "ingress.#": "3",
                            "ingress.2477858282.cidr_blocks.#": "1",
                            "ingress.2477858282.cidr_blocks.0": "172.31.100.0/24",
                            "ingress.2477858282.description": "",
                            "ingress.2477858282.from_port": "111",
                            "ingress.2477858282.ipv6_cidr_blocks.#": "0",
                            "ingress.2477858282.prefix_list_ids.#": "0",
                            "ingress.2477858282.protocol": "udp",
                            "ingress.2477858282.security_groups.#": "0",
                            "ingress.2477858282.self": "false",
                            "ingress.2477858282.to_port": "111",
                            "ingress.2541437006.cidr_blocks.#": "1",
                            "ingress.2541437006.cidr_blocks.0": "0.0.0.0/0",
                            "ingress.2541437006.description": "",
                            "ingress.2541437006.from_port": "22",
                            "ingress.2541437006.ipv6_cidr_blocks.#": "0",
                            "ingress.2541437006.prefix_list_ids.#": "0",
                            "ingress.2541437006.protocol": "tcp",
                            "ingress.2541437006.security_groups.#": "0",
                            "ingress.2541437006.self": "false",
                            "ingress.2541437006.to_port": "22",
                            "ingress.2850975523.cidr_blocks.#": "1",
                            "ingress.2850975523.cidr_blocks.0": "172.31.100.0/24",
                            "ingress.2850975523.description": "",
                            "ingress.2850975523.from_port": "2049",
                            "ingress.2850975523.ipv6_cidr_blocks.#": "0",
                            "ingress.2850975523.prefix_list_ids.#": "0",
                            "ingress.2850975523.protocol": "tcp",
                            "ingress.2850975523.security_groups.#": "0",
                            "ingress.2850975523.self": "false",
                            "ingress.2850975523.to_port": "2049",
                            "name": "default_4031sg",
                            "owner_id": "059206585043",
                            "revoke_rules_on_delete": "false",
                            "tags.%": "1",
                            "tags.Name": "Default Security Group",
                            "vpc_id": "vpc-04c25bd47c84a29ea"
                        },
                        "meta": {
                            "e2bfb730-ecaa-11e6-8f88-34363bc7c4c0": {
                                "create": 600000000000,
                                "delete": 600000000000
                            },
                            "schema_version": "1"
                        },
                        "tainted": false
                    },
                    "deposed": [],
                    "provider": "provider.aws"
                },
                "aws_subnet.4031subnet": {
                    "type": "aws_subnet",
                    "depends_on": [
                        "aws_vpc.inet4031vpc"
                    ],
                    "primary": {
                        "id": "subnet-0861007efed614e98",
                        "attributes": {
                            "arn": "arn:aws:ec2:us-east-2:059206585043:subnet/subnet-0861007efed614e98",
                            "assign_ipv6_address_on_creation": "false",
                            "availability_zone": "us-east-2c",
                            "cidr_block": "172.31.100.0/24",
                            "id": "subnet-0861007efed614e98",
                            "map_public_ip_on_launch": "false",
                            "tags.%": "1",
                            "tags.Name": "Default 4031 Subnet",
                            "vpc_id": "vpc-04c25bd47c84a29ea"
                        },
                        "meta": {
                            "e2bfb730-ecaa-11e6-8f88-34363bc7c4c0": {
                                "create": 600000000000,
                                "delete": 600000000000
                            },
                            "schema_version": "1"
                        },
                        "tainted": false
                    },
                    "deposed": [],
                    "provider": "provider.aws"
                },
                "aws_vpc.inet4031vpc": {
                    "type": "aws_vpc",
                    "depends_on": [],
                    "primary": {
                        "id": "vpc-04c25bd47c84a29ea",
                        "attributes": {
                            "arn": "arn:aws:ec2:us-east-2:059206585043:vpc/vpc-04c25bd47c84a29ea",
                            "assign_generated_ipv6_cidr_block": "false",
                            "cidr_block": "172.31.0.0/16",
                            "default_network_acl_id": "acl-0ef5bca830bbf5b36",
                            "default_route_table_id": "rtb-06b45d164ee50c94e",
                            "default_security_group_id": "sg-00613a43fdf46eb55",
                            "dhcp_options_id": "dopt-37ecfa5f",
                            "enable_dns_hostnames": "true",
                            "enable_dns_support": "true",
                            "id": "vpc-04c25bd47c84a29ea",
                            "instance_tenancy": "default",
                            "ipv6_association_id": "",
                            "ipv6_cidr_block": "",
                            "main_route_table_id": "rtb-06b45d164ee50c94e",
                            "tags.%": "1",
                            "tags.Name": "inet4031vpc"
                        },
                        "meta": {
                            "schema_version": "1"
                        },
                        "tainted": false
                    },
                    "deposed": [],
                    "provider": "provider.aws"
                }
            },
            "depends_on": []
        }
    ]
}
